
Microsoft Visual Studio Solution File, Format Version 12.00
# Visual Studio Version 16
VisualStudioVersion = 16.0.34407.143
MinimumVisualStudioVersion = 10.0.40219.1
Project("{FAE04EC0-301F-11D3-BF4B-00C04F79EFBC}") = "ProductService", "ProductService\ProductService.csproj", "{02A6601E-D814-4DCD-B317-374BAA18EE84}"
EndProject
Project("{FAE04EC0-301F-11D3-BF4B-00C04F79EFBC}") = "Tests", "Tests\Tests.csproj", "{C19D934F-F67A-4646-97C3-61F2D352CBC3}"
EndProject
Global
	GlobalSection(SolutionConfigurationPlatforms) = preSolution
		Debug|Any CPU = Debug|Any CPU
		Release|Any CPU = Release|Any CPU
	EndGlobalSection
	GlobalSection(ProjectConfigurationPlatforms) = postSolution
		{02A6601E-D814-4DCD-B317-374BAA18EE84}.Debug|Any CPU.ActiveCfg = Debug|Any CPU
		{02A6601E-D814-4DCD-B317-374BAA18EE84}.Debug|Any CPU.Build.0 = Debug|Any CPU
		{02A6601E-D814-4DCD-B317-374BAA18EE84}.Release|Any CPU.ActiveCfg = Release|Any CPU
		{02A6601E-D814-4DCD-B317-374BAA18EE84}.Release|Any CPU.Build.0 = Release|Any CPU
		{C19D934F-F67A-4646-97C3-61F2D352CBC3}.Debug|Any CPU.ActiveCfg = Debug|Any CPU
		{C19D934F-F67A-4646-97C3-61F2D352CBC3}.Debug|Any CPU.Build.0 = Debug|Any CPU
		{C19D934F-F67A-4646-97C3-61F2D352CBC3}.Release|Any CPU.ActiveCfg = Release|Any CPU
		{C19D934F-F67A-4646-97C3-61F2D352CBC3}.Release|Any CPU.Build.0 = Release|Any CPU
	EndGlobalSection
	GlobalSection(SolutionProperties) = preSolution
		HideSolutionNode = FALSE
	EndGlobalSection
	GlobalSection(ExtensibilityGlobals) = postSolution
		SolutionGuid = {BC7A8E9B-156D-41C3-9C55-60131A30A489}
	EndGlobalSection
EndGlobal
